
Microsoft Visual Studio Solution File, Format Version 11.00
# Visual Studio 2010
Project("{FAE04EC0-301F-11D3-BF4B-00C04F79EFBC}") = "Canon EOS Remote", "Canon EOS Remote\Canon EOS Remote.csproj", "{A25D5F73-B74C-4103-A195-614324098524}"
EndProject
Global
	GlobalSection(SubversionScc) = preSolution
		Svn-Managed = True
		Manager = AnkhSVN - Subversion Support for Visual Studio
	EndGlobalSection
	GlobalSection(TestCaseManagementSettings) = postSolution
		CategoryFile = Teilprojekt_CSharp_SS2011.vsmdi
	EndGlobalSection
	GlobalSection(SolutionConfigurationPlatforms) = preSolution
		Debug|Any CPU = Debug|Any CPU
		Debug|Mixed Platforms = Debug|Mixed Platforms
		Debug|x86 = Debug|x86
		Release|Any CPU = Release|Any CPU
		Release|Mixed Platforms = Release|Mixed Platforms
		Release|x86 = Release|x86
	EndGlobalSection
	GlobalSection(ProjectConfigurationPlatforms) = postSolution
		{A25D5F73-B74C-4103-A195-614324098524}.Debug|Any CPU.ActiveCfg = Debug|x86
		{A25D5F73-B74C-4103-A195-614324098524}.Debug|Mixed Platforms.ActiveCfg = Debug|x86
		{A25D5F73-B74C-4103-A195-614324098524}.Debug|Mixed Platforms.Build.0 = Debug|x86
		{A25D5F73-B74C-4103-A195-614324098524}.Debug|x86.ActiveCfg = Debug|x86
		{A25D5F73-B74C-4103-A195-614324098524}.Debug|x86.Build.0 = Debug|x86
		{A25D5F73-B74C-4103-A195-614324098524}.Release|Any CPU.ActiveCfg = Release|x86
		{A25D5F73-B74C-4103-A195-614324098524}.Release|Mixed Platforms.ActiveCfg = Release|x86
		{A25D5F73-B74C-4103-A195-614324098524}.Release|Mixed Platforms.Build.0 = Release|x86
		{A25D5F73-B74C-4103-A195-614324098524}.Release|x86.ActiveCfg = Release|x86
		{A25D5F73-B74C-4103-A195-614324098524}.Release|x86.Build.0 = Release|x86
	EndGlobalSection
	GlobalSection(SolutionProperties) = preSolution
		HideSolutionNode = FALSE
	EndGlobalSection
EndGlobal
